// !$*UTF8*$!
{
	archiveVersion = 1;
	classes = {
	};
	objectVersion = 56;
	objects = {

/* Begin PBXBuildFile section */
		9BC27A0D984F76D98523BD6D /* Pods_SportaYa.framework in Frameworks */ = {isa = PBXBuildFile; fileRef = 73950699239F085E40B6A07C /* Pods_SportaYa.framework */; };
		C81D2BB72BE44CE8003B354C /* LeaguesPresenter.swift in Sources */ = {isa = PBXBuildFile; fileRef = C81D2BB62BE44CE8003B354C /* LeaguesPresenter.swift */; };
		C81D2BBA2BE44E45003B354C /* Contract.swift in Sources */ = {isa = PBXBuildFile; fileRef = C81D2BB92BE44E45003B354C /* Contract.swift */; };
		C81D2BBC2BE46BF7003B354C /* LeagueDetailsPresenter.swift in Sources */ = {isa = PBXBuildFile; fileRef = C81D2BBB2BE46BF7003B354C /* LeagueDetailsPresenter.swift */; };
		C81D2BBE2BE46C0F003B354C /* TeamDetailsPresenter.swift in Sources */ = {isa = PBXBuildFile; fileRef = C81D2BBD2BE46C0F003B354C /* TeamDetailsPresenter.swift */; };
		C81D2BC02BE46C22003B354C /* favoritePresenter.swift in Sources */ = {isa = PBXBuildFile; fileRef = C81D2BBF2BE46C22003B354C /* favoritePresenter.swift */; };
		C8422C192BDA5B53004B0C57 /* WalkThroughModel.swift in Sources */ = {isa = PBXBuildFile; fileRef = C8422C182BDA5B53004B0C57 /* WalkThroughModel.swift */; };
		C8422C1B2BDA5B79004B0C57 /* Fixtures.swift in Sources */ = {isa = PBXBuildFile; fileRef = C8422C1A2BDA5B79004B0C57 /* Fixtures.swift */; };
		C8422C1D2BDA5BA0004B0C57 /* Teams.swift in Sources */ = {isa = PBXBuildFile; fileRef = C8422C1C2BDA5BA0004B0C57 /* Teams.swift */; };
		C8422C1F2BDA5BC4004B0C57 /* Leagues.swift in Sources */ = {isa = PBXBuildFile; fileRef = C8422C1E2BDA5BC4004B0C57 /* Leagues.swift */; };
		C8422C212BDA5BF0004B0C57 /* SportType.swift in Sources */ = {isa = PBXBuildFile; fileRef = C8422C202BDA5BF0004B0C57 /* SportType.swift */; };
		C8422C242BDA5C3B004B0C57 /* NetworkManger.swift in Sources */ = {isa = PBXBuildFile; fileRef = C8422C232BDA5C3B004B0C57 /* NetworkManger.swift */; };
		C8422C262BDA5CAF004B0C57 /* CoreDataManager.swift in Sources */ = {isa = PBXBuildFile; fileRef = C8422C252BDA5CAF004B0C57 /* CoreDataManager.swift */; };
		C84D04B42BDA4A9100CB01E8 /* AppDelegate.swift in Sources */ = {isa = PBXBuildFile; fileRef = C84D04B32BDA4A9100CB01E8 /* AppDelegate.swift */; };
		C84D04B62BDA4A9100CB01E8 /* SceneDelegate.swift in Sources */ = {isa = PBXBuildFile; fileRef = C84D04B52BDA4A9100CB01E8 /* SceneDelegate.swift */; };
		C84D04BE2BDA4A9100CB01E8 /* SportaYa.xcdatamodeld in Sources */ = {isa = PBXBuildFile; fileRef = C84D04BC2BDA4A9100CB01E8 /* SportaYa.xcdatamodeld */; };
		C84D04C02BDA4A9400CB01E8 /* Assets.xcassets in Resources */ = {isa = PBXBuildFile; fileRef = C84D04BF2BDA4A9400CB01E8 /* Assets.xcassets */; };
		C84D04CE2BDA4A9500CB01E8 /* SportaYaTests.swift in Sources */ = {isa = PBXBuildFile; fileRef = C84D04CD2BDA4A9500CB01E8 /* SportaYaTests.swift */; };
		C84D04D82BDA4A9500CB01E8 /* SportaYaUITests.swift in Sources */ = {isa = PBXBuildFile; fileRef = C84D04D72BDA4A9500CB01E8 /* SportaYaUITests.swift */; };
		C84D04DA2BDA4A9500CB01E8 /* SportaYaUITestsLaunchTests.swift in Sources */ = {isa = PBXBuildFile; fileRef = C84D04D92BDA4A9500CB01E8 /* SportaYaUITestsLaunchTests.swift */; };
		C86B55B52BDD42BF0078D3F0 /* Main.storyboard in Resources */ = {isa = PBXBuildFile; fileRef = C86B55B32BDD42BE0078D3F0 /* Main.storyboard */; };
		C86B55B62BDD42BF0078D3F0 /* LaunchScreen.storyboard in Resources */ = {isa = PBXBuildFile; fileRef = C86B55B42BDD42BE0078D3F0 /* LaunchScreen.storyboard */; };
		C86FB65D2BDC447A00880D5C /* UIScrollView_InfiniteScroll in Frameworks */ = {isa = PBXBuildFile; productRef = C86FB65C2BDC447A00880D5C /* UIScrollView_InfiniteScroll */; };
		C86FB65F2BDC45D200880D5C /* HomeVC.swift in Sources */ = {isa = PBXBuildFile; fileRef = C86FB65E2BDC45D200880D5C /* HomeVC.swift */; };
		C86FB6612BDC460500880D5C /* LeaguesVC.swift in Sources */ = {isa = PBXBuildFile; fileRef = C86FB6602BDC460500880D5C /* LeaguesVC.swift */; };
		C86FB6632BDC463900880D5C /* LeagueDetailsVC.swift in Sources */ = {isa = PBXBuildFile; fileRef = C86FB6622BDC463900880D5C /* LeagueDetailsVC.swift */; };
		C86FB6652BDC466E00880D5C /* TeamDetailsViewController.swift in Sources */ = {isa = PBXBuildFile; fileRef = C86FB6642BDC466E00880D5C /* TeamDetailsViewController.swift */; };
		C86FB6672BDC469E00880D5C /* favoriteViewController.swift in Sources */ = {isa = PBXBuildFile; fileRef = C86FB6662BDC469E00880D5C /* favoriteViewController.swift */; };
		C86FB66A2BDC480900880D5C /* SportsTypes.swift in Sources */ = {isa = PBXBuildFile; fileRef = C86FB6692BDC480900880D5C /* SportsTypes.swift */; };
		C86FB66D2BDC485600880D5C /* LeaguesCells.swift in Sources */ = {isa = PBXBuildFile; fileRef = C86FB66C2BDC485600880D5C /* LeaguesCells.swift */; };
		C86FB6712BDC48B100880D5C /* FixturesCell.swift in Sources */ = {isa = PBXBuildFile; fileRef = C86FB66F2BDC48B100880D5C /* FixturesCell.swift */; };
		C86FB6722BDC48B100880D5C /* FixturesCell.xib in Resources */ = {isa = PBXBuildFile; fileRef = C86FB6702BDC48B100880D5C /* FixturesCell.xib */; };
		C86FB6752BDC493A00880D5C /* TeamsCollectionViewCell.swift in Sources */ = {isa = PBXBuildFile; fileRef = C86FB6742BDC493A00880D5C /* TeamsCollectionViewCell.swift */; };
		C86FB67A2BDC49CF00880D5C /* StandingTableViewCell.swift in Sources */ = {isa = PBXBuildFile; fileRef = C86FB6792BDC49CF00880D5C /* StandingTableViewCell.swift */; };
		C86FB67D2BDC4A1500880D5C /* favoriteCell.swift in Sources */ = {isa = PBXBuildFile; fileRef = C86FB67C2BDC4A1500880D5C /* favoriteCell.swift */; };
		C86FB6802BDC4A4700880D5C /* PlayerDetailCell.swift in Sources */ = {isa = PBXBuildFile; fileRef = C86FB67F2BDC4A4700880D5C /* PlayerDetailCell.swift */; };
		C8E043732BDC3809003DCB8E /* WalkThroughVC.swift in Sources */ = {isa = PBXBuildFile; fileRef = C8E043722BDC3809003DCB8E /* WalkThroughVC.swift */; };
		C8E043782BDC3F5A003DCB8E /* WalkThroughCell.swift in Sources */ = {isa = PBXBuildFile; fileRef = C8E043762BDC3F5A003DCB8E /* WalkThroughCell.swift */; };
		C8E043792BDC3F5A003DCB8E /* WalkThroughCell.xib in Resources */ = {isa = PBXBuildFile; fileRef = C8E043772BDC3F5A003DCB8E /* WalkThroughCell.xib */; };
/* End PBXBuildFile section */

/* Begin PBXContainerItemProxy section */
		C84D04CA2BDA4A9500CB01E8 /* PBXContainerItemProxy */ = {
			isa = PBXContainerItemProxy;
			containerPortal = C84D04A82BDA4A9100CB01E8 /* Project object */;
			proxyType = 1;
			remoteGlobalIDString = C84D04AF2BDA4A9100CB01E8;
			remoteInfo = SportaYa;
		};
		C84D04D42BDA4A9500CB01E8 /* PBXContainerItemProxy */ = {
			isa = PBXContainerItemProxy;
			containerPortal = C84D04A82BDA4A9100CB01E8 /* Project object */;
			proxyType = 1;
			remoteGlobalIDString = C84D04AF2BDA4A9100CB01E8;
			remoteInfo = SportaYa;
		};
/* End PBXContainerItemProxy section */

/* Begin PBXFileReference section */
		4688C088F0D3775E40238FEF /* Pods-SportaYa.debug.xcconfig */ = {isa = PBXFileReference; includeInIndex = 1; lastKnownFileType = text.xcconfig; name = "Pods-SportaYa.debug.xcconfig"; path = "Target Support Files/Pods-SportaYa/Pods-SportaYa.debug.xcconfig"; sourceTree = "<group>"; };
		73950699239F085E40B6A07C /* Pods_SportaYa.framework */ = {isa = PBXFileReference; explicitFileType = wrapper.framework; includeInIndex = 0; path = Pods_SportaYa.framework; sourceTree = BUILT_PRODUCTS_DIR; };
		92AF96C7DC3B5AACEBE7310D /* Pods-SportaYa.release.xcconfig */ = {isa = PBXFileReference; includeInIndex = 1; lastKnownFileType = text.xcconfig; name = "Pods-SportaYa.release.xcconfig"; path = "Target Support Files/Pods-SportaYa/Pods-SportaYa.release.xcconfig"; sourceTree = "<group>"; };
		C81D2BB62BE44CE8003B354C /* LeaguesPresenter.swift */ = {isa = PBXFileReference; lastKnownFileType = sourcecode.swift; path = LeaguesPresenter.swift; sourceTree = "<group>"; };
		C81D2BB92BE44E45003B354C /* Contract.swift */ = {isa = PBXFileReference; lastKnownFileType = sourcecode.swift; path = Contract.swift; sourceTree = "<group>"; };
		C81D2BBB2BE46BF7003B354C /* LeagueDetailsPresenter.swift */ = {isa = PBXFileReference; lastKnownFileType = sourcecode.swift; path = LeagueDetailsPresenter.swift; sourceTree = "<group>"; };
		C81D2BBD2BE46C0F003B354C /* TeamDetailsPresenter.swift */ = {isa = PBXFileReference; lastKnownFileType = sourcecode.swift; path = TeamDetailsPresenter.swift; sourceTree = "<group>"; };
		C81D2BBF2BE46C22003B354C /* favoritePresenter.swift */ = {isa = PBXFileReference; lastKnownFileType = sourcecode.swift; path = favoritePresenter.swift; sourceTree = "<group>"; };
		C8422C182BDA5B53004B0C57 /* WalkThroughModel.swift */ = {isa = PBXFileReference; lastKnownFileType = sourcecode.swift; path = WalkThroughModel.swift; sourceTree = "<group>"; };
		C8422C1A2BDA5B79004B0C57 /* Fixtures.swift */ = {isa = PBXFileReference; lastKnownFileType = sourcecode.swift; path = Fixtures.swift; sourceTree = "<group>"; };
		C8422C1C2BDA5BA0004B0C57 /* Teams.swift */ = {isa = PBXFileReference; lastKnownFileType = sourcecode.swift; path = Teams.swift; sourceTree = "<group>"; };
		C8422C1E2BDA5BC4004B0C57 /* Leagues.swift */ = {isa = PBXFileReference; lastKnownFileType = sourcecode.swift; path = Leagues.swift; sourceTree = "<group>"; };
		C8422C202BDA5BF0004B0C57 /* SportType.swift */ = {isa = PBXFileReference; lastKnownFileType = sourcecode.swift; path = SportType.swift; sourceTree = "<group>"; };
		C8422C232BDA5C3B004B0C57 /* NetworkManger.swift */ = {isa = PBXFileReference; lastKnownFileType = sourcecode.swift; path = NetworkManger.swift; sourceTree = "<group>"; };
		C8422C252BDA5CAF004B0C57 /* CoreDataManager.swift */ = {isa = PBXFileReference; lastKnownFileType = sourcecode.swift; path = CoreDataManager.swift; sourceTree = "<group>"; };
		C84D04B02BDA4A9100CB01E8 /* SportaYa.app */ = {isa = PBXFileReference; explicitFileType = wrapper.application; includeInIndex = 0; path = SportaYa.app; sourceTree = BUILT_PRODUCTS_DIR; };
		C84D04B32BDA4A9100CB01E8 /* AppDelegate.swift */ = {isa = PBXFileReference; lastKnownFileType = sourcecode.swift; path = AppDelegate.swift; sourceTree = "<group>"; };
		C84D04B52BDA4A9100CB01E8 /* SceneDelegate.swift */ = {isa = PBXFileReference; lastKnownFileType = sourcecode.swift; path = SceneDelegate.swift; sourceTree = "<group>"; };
		C84D04BD2BDA4A9100CB01E8 /* SportaYa.xcdatamodel */ = {isa = PBXFileReference; lastKnownFileType = wrapper.xcdatamodel; path = SportaYa.xcdatamodel; sourceTree = "<group>"; };
		C84D04BF2BDA4A9400CB01E8 /* Assets.xcassets */ = {isa = PBXFileReference; lastKnownFileType = folder.assetcatalog; path = Assets.xcassets; sourceTree = "<group>"; };
		C84D04C42BDA4A9400CB01E8 /* Info.plist */ = {isa = PBXFileReference; lastKnownFileType = text.plist.xml; path = Info.plist; sourceTree = "<group>"; };
		C84D04C92BDA4A9500CB01E8 /* SportaYaTests.xctest */ = {isa = PBXFileReference; explicitFileType = wrapper.cfbundle; includeInIndex = 0; path = SportaYaTests.xctest; sourceTree = BUILT_PRODUCTS_DIR; };
		C84D04CD2BDA4A9500CB01E8 /* SportaYaTests.swift */ = {isa = PBXFileReference; lastKnownFileType = sourcecode.swift; path = SportaYaTests.swift; sourceTree = "<group>"; };
		C84D04D32BDA4A9500CB01E8 /* SportaYaUITests.xctest */ = {isa = PBXFileReference; explicitFileType = wrapper.cfbundle; includeInIndex = 0; path = SportaYaUITests.xctest; sourceTree = BUILT_PRODUCTS_DIR; };
		C84D04D72BDA4A9500CB01E8 /* SportaYaUITests.swift */ = {isa = PBXFileReference; lastKnownFileType = sourcecode.swift; path = SportaYaUITests.swift; sourceTree = "<group>"; };
		C84D04D92BDA4A9500CB01E8 /* SportaYaUITestsLaunchTests.swift */ = {isa = PBXFileReference; lastKnownFileType = sourcecode.swift; path = SportaYaUITestsLaunchTests.swift; sourceTree = "<group>"; };
		C86B55B32BDD42BE0078D3F0 /* Main.storyboard */ = {isa = PBXFileReference; fileEncoding = 4; lastKnownFileType = file.storyboard; path = Main.storyboard; sourceTree = "<group>"; };
		C86B55B42BDD42BE0078D3F0 /* LaunchScreen.storyboard */ = {isa = PBXFileReference; fileEncoding = 4; lastKnownFileType = file.storyboard; path = LaunchScreen.storyboard; sourceTree = "<group>"; };
		C86FB65E2BDC45D200880D5C /* HomeVC.swift */ = {isa = PBXFileReference; lastKnownFileType = sourcecode.swift; path = HomeVC.swift; sourceTree = "<group>"; };
		C86FB6602BDC460500880D5C /* LeaguesVC.swift */ = {isa = PBXFileReference; lastKnownFileType = sourcecode.swift; path = LeaguesVC.swift; sourceTree = "<group>"; };
		C86FB6622BDC463900880D5C /* LeagueDetailsVC.swift */ = {isa = PBXFileReference; lastKnownFileType = sourcecode.swift; path = LeagueDetailsVC.swift; sourceTree = "<group>"; };
		C86FB6642BDC466E00880D5C /* TeamDetailsViewController.swift */ = {isa = PBXFileReference; lastKnownFileType = sourcecode.swift; path = TeamDetailsViewController.swift; sourceTree = "<group>"; };
		C86FB6662BDC469E00880D5C /* favoriteViewController.swift */ = {isa = PBXFileReference; lastKnownFileType = sourcecode.swift; path = favoriteViewController.swift; sourceTree = "<group>"; };
		C86FB6692BDC480900880D5C /* SportsTypes.swift */ = {isa = PBXFileReference; lastKnownFileType = sourcecode.swift; path = SportsTypes.swift; sourceTree = "<group>"; };
		C86FB66C2BDC485600880D5C /* LeaguesCells.swift */ = {isa = PBXFileReference; lastKnownFileType = sourcecode.swift; path = LeaguesCells.swift; sourceTree = "<group>"; };
		C86FB66F2BDC48B100880D5C /* FixturesCell.swift */ = {isa = PBXFileReference; lastKnownFileType = sourcecode.swift; path = FixturesCell.swift; sourceTree = "<group>"; };
		C86FB6702BDC48B100880D5C /* FixturesCell.xib */ = {isa = PBXFileReference; lastKnownFileType = file.xib; path = FixturesCell.xib; sourceTree = "<group>"; };
		C86FB6742BDC493A00880D5C /* TeamsCollectionViewCell.swift */ = {isa = PBXFileReference; lastKnownFileType = sourcecode.swift; path = TeamsCollectionViewCell.swift; sourceTree = "<group>"; };
		C86FB6792BDC49CF00880D5C /* StandingTableViewCell.swift */ = {isa = PBXFileReference; lastKnownFileType = sourcecode.swift; path = StandingTableViewCell.swift; sourceTree = "<group>"; };
		C86FB67C2BDC4A1500880D5C /* favoriteCell.swift */ = {isa = PBXFileReference; lastKnownFileType = sourcecode.swift; path = favoriteCell.swift; sourceTree = "<group>"; };
		C86FB67F2BDC4A4700880D5C /* PlayerDetailCell.swift */ = {isa = PBXFileReference; lastKnownFileType = sourcecode.swift; path = PlayerDetailCell.swift; sourceTree = "<group>"; };
		C8E043722BDC3809003DCB8E /* WalkThroughVC.swift */ = {isa = PBXFileReference; lastKnownFileType = sourcecode.swift; path = WalkThroughVC.swift; sourceTree = "<group>"; };
		C8E043762BDC3F5A003DCB8E /* WalkThroughCell.swift */ = {isa = PBXFileReference; lastKnownFileType = sourcecode.swift; path = WalkThroughCell.swift; sourceTree = "<group>"; };
		C8E043772BDC3F5A003DCB8E /* WalkThroughCell.xib */ = {isa = PBXFileReference; lastKnownFileType = file.xib; path = WalkThroughCell.xib; sourceTree = "<group>"; };
/* End PBXFileReference section */

/* Begin PBXFrameworksBuildPhase section */
		C84D04AD2BDA4A9100CB01E8 /* Frameworks */ = {
			isa = PBXFrameworksBuildPhase;
			buildActionMask = 2147483647;
			files = (
				9BC27A0D984F76D98523BD6D /* Pods_SportaYa.framework in Frameworks */,
				C86FB65D2BDC447A00880D5C /* UIScrollView_InfiniteScroll in Frameworks */,
			);
			runOnlyForDeploymentPostprocessing = 0;
		};
		C84D04C62BDA4A9500CB01E8 /* Frameworks */ = {
			isa = PBXFrameworksBuildPhase;
			buildActionMask = 2147483647;
			files = (
			);
			runOnlyForDeploymentPostprocessing = 0;
		};
		C84D04D02BDA4A9500CB01E8 /* Frameworks */ = {
			isa = PBXFrameworksBuildPhase;
			buildActionMask = 2147483647;
			files = (
			);
			runOnlyForDeploymentPostprocessing = 0;
		};
/* End PBXFrameworksBuildPhase section */

/* Begin PBXGroup section */
		1EA9CE74E4DE9174F733B100 /* Frameworks */ = {
			isa = PBXGroup;
			children = (
				73950699239F085E40B6A07C /* Pods_SportaYa.framework */,
			);
			name = Frameworks;
			sourceTree = "<group>";
		};
		C81D2BB52BE44C99003B354C /* Presenter */ = {
			isa = PBXGroup;
			children = (
				C81D2BB62BE44CE8003B354C /* LeaguesPresenter.swift */,
				C81D2BBB2BE46BF7003B354C /* LeagueDetailsPresenter.swift */,
				C81D2BBD2BE46C0F003B354C /* TeamDetailsPresenter.swift */,
				C81D2BBF2BE46C22003B354C /* favoritePresenter.swift */,
			);
			path = Presenter;
			sourceTree = "<group>";
		};
		C81D2BB82BE44E33003B354C /* Contract */ = {
			isa = PBXGroup;
			children = (
				C81D2BB92BE44E45003B354C /* Contract.swift */,
			);
			path = Contract;
			sourceTree = "<group>";
		};
		C81D2BC12BE46CA3003B354C /* utilities */ = {
			isa = PBXGroup;
			children = (
				C84D04B32BDA4A9100CB01E8 /* AppDelegate.swift */,
				C84D04B52BDA4A9100CB01E8 /* SceneDelegate.swift */,
				C84D04BF2BDA4A9400CB01E8 /* Assets.xcassets */,
				C84D04BC2BDA4A9100CB01E8 /* SportaYa.xcdatamodeld */,
			);
			path = utilities;
			sourceTree = "<group>";
		};
		C8422C162BDA5B0C004B0C57 /* Model */ = {
			isa = PBXGroup;
			children = (
				C8422C172BDA5B18004B0C57 /* DataModels */,
				C8422C222BDA5C0C004B0C57 /* Services */,
			);
			path = Model;
			sourceTree = "<group>";
		};
		C8422C172BDA5B18004B0C57 /* DataModels */ = {
			isa = PBXGroup;
			children = (
				C8422C182BDA5B53004B0C57 /* WalkThroughModel.swift */,
				C8422C1A2BDA5B79004B0C57 /* Fixtures.swift */,
				C8422C1C2BDA5BA0004B0C57 /* Teams.swift */,
				C8422C1E2BDA5BC4004B0C57 /* Leagues.swift */,
				C8422C202BDA5BF0004B0C57 /* SportType.swift */,
			);
			path = DataModels;
			sourceTree = "<group>";
		};
		C8422C222BDA5C0C004B0C57 /* Services */ = {
			isa = PBXGroup;
			children = (
				C8422C232BDA5C3B004B0C57 /* NetworkManger.swift */,
				C8422C252BDA5CAF004B0C57 /* CoreDataManager.swift */,
			);
			path = Services;
			sourceTree = "<group>";
		};
		C84D04A72BDA4A9100CB01E8 = {
			isa = PBXGroup;
			children = (
				C84D04B22BDA4A9100CB01E8 /* SportaYa */,
				C84D04CC2BDA4A9500CB01E8 /* SportaYaTests */,
				C84D04D62BDA4A9500CB01E8 /* SportaYaUITests */,
				C84D04B12BDA4A9100CB01E8 /* Products */,
				E1EB947741C8E35BC471A46B /* Pods */,
				1EA9CE74E4DE9174F733B100 /* Frameworks */,
			);
			sourceTree = "<group>";
		};
		C84D04B12BDA4A9100CB01E8 /* Products */ = {
			isa = PBXGroup;
			children = (
				C84D04B02BDA4A9100CB01E8 /* SportaYa.app */,
				C84D04C92BDA4A9500CB01E8 /* SportaYaTests.xctest */,
				C84D04D32BDA4A9500CB01E8 /* SportaYaUITests.xctest */,
			);
			name = Products;
			sourceTree = "<group>";
		};
		C84D04B22BDA4A9100CB01E8 /* SportaYa */ = {
			isa = PBXGroup;
			children = (
				C81D2BC12BE46CA3003B354C /* utilities */,
				C8E043712BDC37BB003DCB8E /* View */,
				C8422C162BDA5B0C004B0C57 /* Model */,
				C81D2BB52BE44C99003B354C /* Presenter */,
				C81D2BB82BE44E33003B354C /* Contract */,
				C84D04C42BDA4A9400CB01E8 /* Info.plist */,
			);
			path = SportaYa;
			sourceTree = "<group>";
		};
		C84D04CC2BDA4A9500CB01E8 /* SportaYaTests */ = {
			isa = PBXGroup;
			children = (
				C84D04CD2BDA4A9500CB01E8 /* SportaYaTests.swift */,
			);
			path = SportaYaTests;
			sourceTree = "<group>";
		};
		C84D04D62BDA4A9500CB01E8 /* SportaYaUITests */ = {
			isa = PBXGroup;
			children = (
				C84D04D72BDA4A9500CB01E8 /* SportaYaUITests.swift */,
				C84D04D92BDA4A9500CB01E8 /* SportaYaUITestsLaunchTests.swift */,
			);
			path = SportaYaUITests;
			sourceTree = "<group>";
		};
		C86FB6682BDC475000880D5C /* SportsCell */ = {
			isa = PBXGroup;
			children = (
				C86FB6692BDC480900880D5C /* SportsTypes.swift */,
			);
			path = SportsCell;
			sourceTree = "<group>";
		};
		C86FB66B2BDC483400880D5C /* LeaguesCells */ = {
			isa = PBXGroup;
			children = (
				C86FB66C2BDC485600880D5C /* LeaguesCells.swift */,
			);
			path = LeaguesCells;
			sourceTree = "<group>";
		};
		C86FB66E2BDC488000880D5C /* FixturesCell */ = {
			isa = PBXGroup;
			children = (
				C86FB66F2BDC48B100880D5C /* FixturesCell.swift */,
				C86FB6702BDC48B100880D5C /* FixturesCell.xib */,
			);
			path = FixturesCell;
			sourceTree = "<group>";
		};
		C86FB6732BDC492000880D5C /* TeamsCell */ = {
			isa = PBXGroup;
			children = (
				C86FB6742BDC493A00880D5C /* TeamsCollectionViewCell.swift */,
			);
			path = TeamsCell;
			sourceTree = "<group>";
		};
		C86FB6762BDC495C00880D5C /* StandingsCell */ = {
			isa = PBXGroup;
			children = (
				C86FB6792BDC49CF00880D5C /* StandingTableViewCell.swift */,
			);
			path = StandingsCell;
			sourceTree = "<group>";
		};
		C86FB67B2BDC49F900880D5C /* favoriteCell */ = {
			isa = PBXGroup;
			children = (
				C86FB67C2BDC4A1500880D5C /* favoriteCell.swift */,
			);
			path = favoriteCell;
			sourceTree = "<group>";
		};
		C86FB67E2BDC4A2D00880D5C /* PlayerDetailCell */ = {
			isa = PBXGroup;
			children = (
				C86FB67F2BDC4A4700880D5C /* PlayerDetailCell.swift */,
			);
			path = PlayerDetailCell;
			sourceTree = "<group>";
		};
		C8E043712BDC37BB003DCB8E /* View */ = {
			isa = PBXGroup;
			children = (
				C8E043742BDC3EF6003DCB8E /* ReusableViews */,
				C86B55B42BDD42BE0078D3F0 /* LaunchScreen.storyboard */,
				C86B55B32BDD42BE0078D3F0 /* Main.storyboard */,
				C8E043722BDC3809003DCB8E /* WalkThroughVC.swift */,
				C86FB65E2BDC45D200880D5C /* HomeVC.swift */,
				C86FB6602BDC460500880D5C /* LeaguesVC.swift */,
				C86FB6622BDC463900880D5C /* LeagueDetailsVC.swift */,
				C86FB6642BDC466E00880D5C /* TeamDetailsViewController.swift */,
				C86FB6662BDC469E00880D5C /* favoriteViewController.swift */,
			);
			path = View;
			sourceTree = "<group>";
		};
		C8E043742BDC3EF6003DCB8E /* ReusableViews */ = {
			isa = PBXGroup;
			children = (
				C86FB67E2BDC4A2D00880D5C /* PlayerDetailCell */,
				C86FB67B2BDC49F900880D5C /* favoriteCell */,
				C86FB6762BDC495C00880D5C /* StandingsCell */,
				C86FB6732BDC492000880D5C /* TeamsCell */,
				C86FB66E2BDC488000880D5C /* FixturesCell */,
				C86FB66B2BDC483400880D5C /* LeaguesCells */,
				C86FB6682BDC475000880D5C /* SportsCell */,
				C8E043752BDC3F17003DCB8E /* WalkThroughCell */,
			);
			path = ReusableViews;
			sourceTree = "<group>";
		};
		C8E043752BDC3F17003DCB8E /* WalkThroughCell */ = {
			isa = PBXGroup;
			children = (
				C8E043762BDC3F5A003DCB8E /* WalkThroughCell.swift */,
				C8E043772BDC3F5A003DCB8E /* WalkThroughCell.xib */,
			);
			path = WalkThroughCell;
			sourceTree = "<group>";
		};
		E1EB947741C8E35BC471A46B /* Pods */ = {
			isa = PBXGroup;
			children = (
				4688C088F0D3775E40238FEF /* Pods-SportaYa.debug.xcconfig */,
				92AF96C7DC3B5AACEBE7310D /* Pods-SportaYa.release.xcconfig */,
			);
			path = Pods;
			sourceTree = "<group>";
		};
/* End PBXGroup section */

/* Begin PBXNativeTarget section */
		C84D04AF2BDA4A9100CB01E8 /* SportaYa */ = {
			isa = PBXNativeTarget;
			buildConfigurationList = C84D04DD2BDA4A9500CB01E8 /* Build configuration list for PBXNativeTarget "SportaYa" */;
			buildPhases = (
				23E35B4FD4A992AE8D18BE98 /* [CP] Check Pods Manifest.lock */,
				C84D04AC2BDA4A9100CB01E8 /* Sources */,
				C84D04AD2BDA4A9100CB01E8 /* Frameworks */,
				C84D04AE2BDA4A9100CB01E8 /* Resources */,
				9AD5176820F386A70F955C22 /* [CP] Embed Pods Frameworks */,
			);
			buildRules = (
			);
			dependencies = (
			);
			name = SportaYa;
			packageProductDependencies = (
				C86FB65C2BDC447A00880D5C /* UIScrollView_InfiniteScroll */,
			);
			productName = SportaYa;
			productReference = C84D04B02BDA4A9100CB01E8 /* SportaYa.app */;
			productType = "com.apple.product-type.application";
		};
		C84D04C82BDA4A9500CB01E8 /* SportaYaTests */ = {
			isa = PBXNativeTarget;
			buildConfigurationList = C84D04E02BDA4A9500CB01E8 /* Build configuration list for PBXNativeTarget "SportaYaTests" */;
			buildPhases = (
				C84D04C52BDA4A9500CB01E8 /* Sources */,
				C84D04C62BDA4A9500CB01E8 /* Frameworks */,
				C84D04C72BDA4A9500CB01E8 /* Resources */,
			);
			buildRules = (
			);
			dependencies = (
				C84D04CB2BDA4A9500CB01E8 /* PBXTargetDependency */,
			);
			name = SportaYaTests;
			productName = SportaYaTests;
			productReference = C84D04C92BDA4A9500CB01E8 /* SportaYaTests.xctest */;
			productType = "com.apple.product-type.bundle.unit-test";
		};
		C84D04D22BDA4A9500CB01E8 /* SportaYaUITests */ = {
			isa = PBXNativeTarget;
			buildConfigurationList = C84D04E32BDA4A9500CB01E8 /* Build configuration list for PBXNativeTarget "SportaYaUITests" */;
			buildPhases = (
				C84D04CF2BDA4A9500CB01E8 /* Sources */,
				C84D04D02BDA4A9500CB01E8 /* Frameworks */,
				C84D04D12BDA4A9500CB01E8 /* Resources */,
			);
			buildRules = (
			);
			dependencies = (
				C84D04D52BDA4A9500CB01E8 /* PBXTargetDependency */,
			);
			name = SportaYaUITests;
			productName = SportaYaUITests;
			productReference = C84D04D32BDA4A9500CB01E8 /* SportaYaUITests.xctest */;
			productType = "com.apple.product-type.bundle.ui-testing";
		};
/* End PBXNativeTarget section */

/* Begin PBXProject section */
		C84D04A82BDA4A9100CB01E8 /* Project object */ = {
			isa = PBXProject;
			attributes = {
				BuildIndependentTargetsInParallel = 1;
				LastSwiftUpdateCheck = 1420;
				LastUpgradeCheck = 1420;
				TargetAttributes = {
					C84D04AF2BDA4A9100CB01E8 = {
						CreatedOnToolsVersion = 14.2;
					};
					C84D04C82BDA4A9500CB01E8 = {
						CreatedOnToolsVersion = 14.2;
						TestTargetID = C84D04AF2BDA4A9100CB01E8;
					};
					C84D04D22BDA4A9500CB01E8 = {
						CreatedOnToolsVersion = 14.2;
						TestTargetID = C84D04AF2BDA4A9100CB01E8;
					};
				};
			};
			buildConfigurationList = C84D04AB2BDA4A9100CB01E8 /* Build configuration list for PBXProject "SportaYa" */;
			compatibilityVersion = "Xcode 14.0";
			developmentRegion = en;
			hasScannedForEncodings = 0;
			knownRegions = (
				en,
				Base,
			);
			mainGroup = C84D04A72BDA4A9100CB01E8;
			packageReferences = (
				C86FB65B2BDC447A00880D5C /* XCRemoteSwiftPackageReference "UIScrollView-InfiniteScroll" */,
			);
			productRefGroup = C84D04B12BDA4A9100CB01E8 /* Products */;
			projectDirPath = "";
			projectRoot = "";
			targets = (
				C84D04AF2BDA4A9100CB01E8 /* SportaYa */,
				C84D04C82BDA4A9500CB01E8 /* SportaYaTests */,
				C84D04D22BDA4A9500CB01E8 /* SportaYaUITests */,
			);
		};
/* End PBXProject section */

/* Begin PBXResourcesBuildPhase section */
		C84D04AE2BDA4A9100CB01E8 /* Resources */ = {
			isa = PBXResourcesBuildPhase;
			buildActionMask = 2147483647;
			files = (
				C8E043792BDC3F5A003DCB8E /* WalkThroughCell.xib in Resources */,
				C86FB6722BDC48B100880D5C /* FixturesCell.xib in Resources */,
				C84D04C02BDA4A9400CB01E8 /* Assets.xcassets in Resources */,
				C86B55B62BDD42BF0078D3F0 /* LaunchScreen.storyboard in Resources */,
				C86B55B52BDD42BF0078D3F0 /* Main.storyboard in Resources */,
			);
			runOnlyForDeploymentPostprocessing = 0;
		};
		C84D04C72BDA4A9500CB01E8 /* Resources */ = {
			isa = PBXResourcesBuildPhase;
			buildActionMask = 2147483647;
			files = (
			);
			runOnlyForDeploymentPostprocessing = 0;
		};
		C84D04D12BDA4A9500CB01E8 /* Resources */ = {
			isa = PBXResourcesBuildPhase;
			buildActionMask = 2147483647;
			files = (
			);
			runOnlyForDeploymentPostprocessing = 0;
		};
/* End PBXResourcesBuildPhase section */

/* Begin PBXShellScriptBuildPhase section */
		23E35B4FD4A992AE8D18BE98 /* [CP] Check Pods Manifest.lock */ = {
			isa = PBXShellScriptBuildPhase;
			buildActionMask = 2147483647;
			files = (
			);
			inputFileListPaths = (
			);
			inputPaths = (
				"${PODS_PODFILE_DIR_PATH}/Podfile.lock",
				"${PODS_ROOT}/Manifest.lock",
			);
			name = "[CP] Check Pods Manifest.lock";
			outputFileListPaths = (
			);
			outputPaths = (
				"$(DERIVED_FILE_DIR)/Pods-SportaYa-checkManifestLockResult.txt",
			);
			runOnlyForDeploymentPostprocessing = 0;
			shellPath = /bin/sh;
			shellScript = "diff \"${PODS_PODFILE_DIR_PATH}/Podfile.lock\" \"${PODS_ROOT}/Manifest.lock\" > /dev/null\nif [ $? != 0 ] ; then\n    # print error to STDERR\n    echo \"error: The sandbox is not in sync with the Podfile.lock. Run 'pod install' or update your CocoaPods installation.\" >&2\n    exit 1\nfi\n# This output is used by Xcode 'outputs' to avoid re-running this script phase.\necho \"SUCCESS\" > \"${SCRIPT_OUTPUT_FILE_0}\"\n";
			showEnvVarsInLog = 0;
		};
		9AD5176820F386A70F955C22 /* [CP] Embed Pods Frameworks */ = {
			isa = PBXShellScriptBuildPhase;
			buildActionMask = 2147483647;
			files = (
			);
			inputFileListPaths = (
				"${PODS_ROOT}/Target Support Files/Pods-SportaYa/Pods-SportaYa-frameworks-${CONFIGURATION}-input-files.xcfilelist",
			);
			name = "[CP] Embed Pods Frameworks";
			outputFileListPaths = (
				"${PODS_ROOT}/Target Support Files/Pods-SportaYa/Pods-SportaYa-frameworks-${CONFIGURATION}-output-files.xcfilelist",
			);
			runOnlyForDeploymentPostprocessing = 0;
			shellPath = /bin/sh;
			shellScript = "\"${PODS_ROOT}/Target Support Files/Pods-SportaYa/Pods-SportaYa-frameworks.sh\"\n";
			showEnvVarsInLog = 0;
		};
/* End PBXShellScriptBuildPhase section */

/* Begin PBXSourcesBuildPhase section */
		C84D04AC2BDA4A9100CB01E8 /* Sources */ = {
			isa = PBXSourcesBuildPhase;
			buildActionMask = 2147483647;
			files = (
				C86FB6632BDC463900880D5C /* LeagueDetailsVC.swift in Sources */,
				C81D2BC02BE46C22003B354C /* favoritePresenter.swift in Sources */,
				C86FB6802BDC4A4700880D5C /* PlayerDetailCell.swift in Sources */,
				C81D2BBE2BE46C0F003B354C /* TeamDetailsPresenter.swift in Sources */,
				C8422C242BDA5C3B004B0C57 /* NetworkManger.swift in Sources */,
				C81D2BB72BE44CE8003B354C /* LeaguesPresenter.swift in Sources */,
				C81D2BBC2BE46BF7003B354C /* LeagueDetailsPresenter.swift in Sources */,
				C8422C1D2BDA5BA0004B0C57 /* Teams.swift in Sources */,
				C86FB67A2BDC49CF00880D5C /* StandingTableViewCell.swift in Sources */,
				C86FB6752BDC493A00880D5C /* TeamsCollectionViewCell.swift in Sources */,
				C86FB6712BDC48B100880D5C /* FixturesCell.swift in Sources */,
				C84D04BE2BDA4A9100CB01E8 /* SportaYa.xcdatamodeld in Sources */,
				C8422C212BDA5BF0004B0C57 /* SportType.swift in Sources */,
				C86FB65F2BDC45D200880D5C /* HomeVC.swift in Sources */,
				C86FB66A2BDC480900880D5C /* SportsTypes.swift in Sources */,
				C86FB6652BDC466E00880D5C /* TeamDetailsViewController.swift in Sources */,
				C86FB66D2BDC485600880D5C /* LeaguesCells.swift in Sources */,
				C84D04B42BDA4A9100CB01E8 /* AppDelegate.swift in Sources */,
				C8E043782BDC3F5A003DCB8E /* WalkThroughCell.swift in Sources */,
				C8422C192BDA5B53004B0C57 /* WalkThroughModel.swift in Sources */,
				C81D2BBA2BE44E45003B354C /* Contract.swift in Sources */,
				C84D04B62BDA4A9100CB01E8 /* SceneDelegate.swift in Sources */,
				C8422C1F2BDA5BC4004B0C57 /* Leagues.swift in Sources */,
				C8422C1B2BDA5B79004B0C57 /* Fixtures.swift in Sources */,
				C8422C262BDA5CAF004B0C57 /* CoreDataManager.swift in Sources */,
				C86FB67D2BDC4A1500880D5C /* favoriteCell.swift in Sources */,
				C8E043732BDC3809003DCB8E /* WalkThroughVC.swift in Sources */,
				C86FB6672BDC469E00880D5C /* favoriteViewController.swift in Sources */,
				C86FB6612BDC460500880D5C /* LeaguesVC.swift in Sources */,
			);
			runOnlyForDeploymentPostprocessing = 0;
		};
		C84D04C52BDA4A9500CB01E8 /* Sources */ = {
			isa = PBXSourcesBuildPhase;
			buildActionMask = 2147483647;
			files = (
				C84D04CE2BDA4A9500CB01E8 /* SportaYaTests.swift in Sources */,
			);
			runOnlyForDeploymentPostprocessing = 0;
		};
		C84D04CF2BDA4A9500CB01E8 /* Sources */ = {
			isa = PBXSourcesBuildPhase;
			buildActionMask = 2147483647;
			files = (
				C84D04DA2BDA4A9500CB01E8 /* SportaYaUITestsLaunchTests.swift in Sources */,
				C84D04D82BDA4A9500CB01E8 /* SportaYaUITests.swift in Sources */,
			);
			runOnlyForDeploymentPostprocessing = 0;
		};
/* End PBXSourcesBuildPhase section */

/* Begin PBXTargetDependency section */
		C84D04CB2BDA4A9500CB01E8 /* PBXTargetDependency */ = {
			isa = PBXTargetDependency;
			target = C84D04AF2BDA4A9100CB01E8 /* SportaYa */;
			targetProxy = C84D04CA2BDA4A9500CB01E8 /* PBXContainerItemProxy */;
		};
		C84D04D52BDA4A9500CB01E8 /* PBXTargetDependency */ = {
			isa = PBXTargetDependency;
			target = C84D04AF2BDA4A9100CB01E8 /* SportaYa */;
			targetProxy = C84D04D42BDA4A9500CB01E8 /* PBXContainerItemProxy */;
		};
/* End PBXTargetDependency section */

/* Begin XCBuildConfiguration section */
		C84D04DB2BDA4A9500CB01E8 /* Debug */ = {
			isa = XCBuildConfiguration;
			buildSettings = {
				ALWAYS_SEARCH_USER_PATHS = NO;
				CLANG_ANALYZER_NONNULL = YES;
				CLANG_ANALYZER_NUMBER_OBJECT_CONVERSION = YES_AGGRESSIVE;
				CLANG_CXX_LANGUAGE_STANDARD = "gnu++20";
				CLANG_ENABLE_MODULES = YES;
				CLANG_ENABLE_OBJC_ARC = YES;
				CLANG_ENABLE_OBJC_WEAK = YES;
				CLANG_WARN_BLOCK_CAPTURE_AUTORELEASING = YES;
				CLANG_WARN_BOOL_CONVERSION = YES;
				CLANG_WARN_COMMA = YES;
				CLANG_WARN_CONSTANT_CONVERSION = YES;
				CLANG_WARN_DEPRECATED_OBJC_IMPLEMENTATIONS = YES;
				CLANG_WARN_DIRECT_OBJC_ISA_USAGE = YES_ERROR;
				CLANG_WARN_DOCUMENTATION_COMMENTS = YES;
				CLANG_WARN_EMPTY_BODY = YES;
				CLANG_WARN_ENUM_CONVERSION = YES;
				CLANG_WARN_INFINITE_RECURSION = YES;
				CLANG_WARN_INT_CONVERSION = YES;
				CLANG_WARN_NON_LITERAL_NULL_CONVERSION = YES;
				CLANG_WARN_OBJC_IMPLICIT_RETAIN_SELF = YES;
				CLANG_WARN_OBJC_LITERAL_CONVERSION = YES;
				CLANG_WARN_OBJC_ROOT_CLASS = YES_ERROR;
				CLANG_WARN_QUOTED_INCLUDE_IN_FRAMEWORK_HEADER = YES;
				CLANG_WARN_RANGE_LOOP_ANALYSIS = YES;
				CLANG_WARN_STRICT_PROTOTYPES = YES;
				CLANG_WARN_SUSPICIOUS_MOVE = YES;
				CLANG_WARN_UNGUARDED_AVAILABILITY = YES_AGGRESSIVE;
				CLANG_WARN_UNREACHABLE_CODE = YES;
				CLANG_WARN__DUPLICATE_METHOD_MATCH = YES;
				COPY_PHASE_STRIP = NO;
				DEAD_CODE_STRIPPING = YES;
				DEBUG_INFORMATION_FORMAT = dwarf;
				ENABLE_STRICT_OBJC_MSGSEND = YES;
				ENABLE_TESTABILITY = YES;
				GCC_C_LANGUAGE_STANDARD = gnu11;
				GCC_DYNAMIC_NO_PIC = NO;
				GCC_NO_COMMON_BLOCKS = YES;
				GCC_OPTIMIZATION_LEVEL = 0;
				GCC_PREPROCESSOR_DEFINITIONS = (
					"DEBUG=1",
					"$(inherited)",
				);
				GCC_WARN_64_TO_32_BIT_CONVERSION = YES;
				GCC_WARN_ABOUT_RETURN_TYPE = YES_ERROR;
				GCC_WARN_UNDECLARED_SELECTOR = YES;
				GCC_WARN_UNINITIALIZED_AUTOS = YES_AGGRESSIVE;
				GCC_WARN_UNUSED_FUNCTION = YES;
				GCC_WARN_UNUSED_VARIABLE = YES;
				IPHONEOS_DEPLOYMENT_TARGET = 16.2;
				MTL_ENABLE_DEBUG_INFO = INCLUDE_SOURCE;
				MTL_FAST_MATH = YES;
				ONLY_ACTIVE_ARCH = YES;
				SDKROOT = iphoneos;
				SWIFT_ACTIVE_COMPILATION_CONDITIONS = DEBUG;
				SWIFT_OPTIMIZATION_LEVEL = "-Onone";
			};
			name = Debug;
		};
		C84D04DC2BDA4A9500CB01E8 /* Release */ = {
			isa = XCBuildConfiguration;
			buildSettings = {
				ALWAYS_SEARCH_USER_PATHS = NO;
				CLANG_ANALYZER_NONNULL = YES;
				CLANG_ANALYZER_NUMBER_OBJECT_CONVERSION = YES_AGGRESSIVE;
				CLANG_CXX_LANGUAGE_STANDARD = "gnu++20";
				CLANG_ENABLE_MODULES = YES;
				CLANG_ENABLE_OBJC_ARC = YES;
				CLANG_ENABLE_OBJC_WEAK = YES;
				CLANG_WARN_BLOCK_CAPTURE_AUTORELEASING = YES;
				CLANG_WARN_BOOL_CONVERSION = YES;
				CLANG_WARN_COMMA = YES;
				CLANG_WARN_CONSTANT_CONVERSION = YES;
				CLANG_WARN_DEPRECATED_OBJC_IMPLEMENTATIONS = YES;
				CLANG_WARN_DIRECT_OBJC_ISA_USAGE = YES_ERROR;
				CLANG_WARN_DOCUMENTATION_COMMENTS = YES;
				CLANG_WARN_EMPTY_BODY = YES;
				CLANG_WARN_ENUM_CONVERSION = YES;
				CLANG_WARN_INFINITE_RECURSION = YES;
				CLANG_WARN_INT_CONVERSION = YES;
				CLANG_WARN_NON_LITERAL_NULL_CONVERSION = YES;
				CLANG_WARN_OBJC_IMPLICIT_RETAIN_SELF = YES;
				CLANG_WARN_OBJC_LITERAL_CONVERSION = YES;
				CLANG_WARN_OBJC_ROOT_CLASS = YES_ERROR;
				CLANG_WARN_QUOTED_INCLUDE_IN_FRAMEWORK_HEADER = YES;
				CLANG_WARN_RANGE_LOOP_ANALYSIS = YES;
				CLANG_WARN_STRICT_PROTOTYPES = YES;
				CLANG_WARN_SUSPICIOUS_MOVE = YES;
				CLANG_WARN_UNGUARDED_AVAILABILITY = YES_AGGRESSIVE;
				CLANG_WARN_UNREACHABLE_CODE = YES;
				CLANG_WARN__DUPLICATE_METHOD_MATCH = YES;
				COPY_PHASE_STRIP = NO;
				DEAD_CODE_STRIPPING = YES;
				DEBUG_INFORMATION_FORMAT = "dwarf-with-dsym";
				ENABLE_NS_ASSERTIONS = NO;
				ENABLE_STRICT_OBJC_MSGSEND = YES;
				GCC_C_LANGUAGE_STANDARD = gnu11;
				GCC_NO_COMMON_BLOCKS = YES;
				GCC_WARN_64_TO_32_BIT_CONVERSION = YES;
				GCC_WARN_ABOUT_RETURN_TYPE = YES_ERROR;
				GCC_WARN_UNDECLARED_SELECTOR = YES;
				GCC_WARN_UNINITIALIZED_AUTOS = YES_AGGRESSIVE;
				GCC_WARN_UNUSED_FUNCTION = YES;
				GCC_WARN_UNUSED_VARIABLE = YES;
				IPHONEOS_DEPLOYMENT_TARGET = 16.2;
				MTL_ENABLE_DEBUG_INFO = NO;
				MTL_FAST_MATH = YES;
				SDKROOT = iphoneos;
				SWIFT_COMPILATION_MODE = wholemodule;
				SWIFT_OPTIMIZATION_LEVEL = "-O";
				VALIDATE_PRODUCT = YES;
			};
			name = Release;
		};
		C84D04DE2BDA4A9500CB01E8 /* Debug */ = {
			isa = XCBuildConfiguration;
			baseConfigurationReference = 4688C088F0D3775E40238FEF /* Pods-SportaYa.debug.xcconfig */;
			buildSettings = {
				ASSETCATALOG_COMPILER_APPICON_NAME = AppIcon;
				ASSETCATALOG_COMPILER_GLOBAL_ACCENT_COLOR_NAME = AccentColor;
				CODE_SIGN_STYLE = Automatic;
				CURRENT_PROJECT_VERSION = 1;
				DEVELOPMENT_TEAM = MWZJ3A6CNJ;
				GENERATE_INFOPLIST_FILE = YES;
				INFOPLIST_FILE = SportaYa/Info.plist;
				INFOPLIST_KEY_UIApplicationSupportsIndirectInputEvents = YES;
				INFOPLIST_KEY_UILaunchStoryboardName = LaunchScreen;
				INFOPLIST_KEY_UIMainStoryboardFile = Main;
				INFOPLIST_KEY_UISupportedInterfaceOrientations_iPad = "UIInterfaceOrientationPortrait UIInterfaceOrientationPortraitUpsideDown UIInterfaceOrientationLandscapeLeft UIInterfaceOrientationLandscapeRight";
				INFOPLIST_KEY_UISupportedInterfaceOrientations_iPhone = "UIInterfaceOrientationPortrait UIInterfaceOrientationLandscapeLeft UIInterfaceOrientationLandscapeRight";
				LD_RUNPATH_SEARCH_PATHS = (
					"$(inherited)",
					"@executable_path/Frameworks",
				);
				MARKETING_VERSION = 1.0;
				PRODUCT_BUNDLE_IDENTIFIER = com.ahmedfekry.SportaYa;
				PRODUCT_NAME = "$(TARGET_NAME)";
				SWIFT_EMIT_LOC_STRINGS = YES;
				SWIFT_VERSION = 5.0;
				TARGETED_DEVICE_FAMILY = "1,2";
			};
			name = Debug;
		};
		C84D04DF2BDA4A9500CB01E8 /* Release */ = {
			isa = XCBuildConfiguration;
			baseConfigurationReference = 92AF96C7DC3B5AACEBE7310D /* Pods-SportaYa.release.xcconfig */;
			buildSettings = {
				ASSETCATALOG_COMPILER_APPICON_NAME = AppIcon;
				ASSETCATALOG_COMPILER_GLOBAL_ACCENT_COLOR_NAME = AccentColor;
				CODE_SIGN_STYLE = Automatic;
				CURRENT_PROJECT_VERSION = 1;
				DEVELOPMENT_TEAM = MWZJ3A6CNJ;
				GENERATE_INFOPLIST_FILE = YES;
				INFOPLIST_FILE = SportaYa/Info.plist;
				INFOPLIST_KEY_UIApplicationSupportsIndirectInputEvents = YES;
				INFOPLIST_KEY_UILaunchStoryboardName = LaunchScreen;
				INFOPLIST_KEY_UIMainStoryboardFile = Main;
				INFOPLIST_KEY_UISupportedInterfaceOrientations_iPad = "UIInterfaceOrientationPortrait UIInterfaceOrientationPortraitUpsideDown UIInterfaceOrientationLandscapeLeft UIInterfaceOrientationLandscapeRight";
				INFOPLIST_KEY_UISupportedInterfaceOrientations_iPhone = "UIInterfaceOrientationPortrait UIInterfaceOrientationLandscapeLeft UIInterfaceOrientationLandscapeRight";
				LD_RUNPATH_SEARCH_PATHS = (
					"$(inherited)",
					"@executable_path/Frameworks",
				);
				MARKETING_VERSION = 1.0;
				PRODUCT_BUNDLE_IDENTIFIER = com.ahmedfekry.SportaYa;
				PRODUCT_NAME = "$(TARGET_NAME)";
				SWIFT_EMIT_LOC_STRINGS = YES;
				SWIFT_VERSION = 5.0;
				TARGETED_DEVICE_FAMILY = "1,2";
			};
			name = Release;
		};
		C84D04E12BDA4A9500CB01E8 /* Debug */ = {
			isa = XCBuildConfiguration;
			buildSettings = {
				ALWAYS_EMBED_SWIFT_STANDARD_LIBRARIES = YES;
				BUNDLE_LOADER = "$(TEST_HOST)";
				CODE_SIGN_STYLE = Automatic;
				CURRENT_PROJECT_VERSION = 1;
				DEVELOPMENT_TEAM = MWZJ3A6CNJ;
				GENERATE_INFOPLIST_FILE = YES;
				IPHONEOS_DEPLOYMENT_TARGET = 16.2;
				MARKETING_VERSION = 1.0;
				PRODUCT_BUNDLE_IDENTIFIER = com.ahmedfekry.SportaYaTests;
				PRODUCT_NAME = "$(TARGET_NAME)";
				SWIFT_EMIT_LOC_STRINGS = NO;
				SWIFT_VERSION = 5.0;
				TARGETED_DEVICE_FAMILY = "1,2";
				TEST_HOST = "$(BUILT_PRODUCTS_DIR)/SportaYa.app/$(BUNDLE_EXECUTABLE_FOLDER_PATH)/SportaYa";
			};
			name = Debug;
		};
		C84D04E22BDA4A9500CB01E8 /* Release */ = {
			isa = XCBuildConfiguration;
			buildSettings = {
				ALWAYS_EMBED_SWIFT_STANDARD_LIBRARIES = YES;
				BUNDLE_LOADER = "$(TEST_HOST)";
				CODE_SIGN_STYLE = Automatic;
				CURRENT_PROJECT_VERSION = 1;
				DEVELOPMENT_TEAM = MWZJ3A6CNJ;
				GENERATE_INFOPLIST_FILE = YES;
				IPHONEOS_DEPLOYMENT_TARGET = 16.2;
				MARKETING_VERSION = 1.0;
				PRODUCT_BUNDLE_IDENTIFIER = com.ahmedfekry.SportaYaTests;
				PRODUCT_NAME = "$(TARGET_NAME)";
				SWIFT_EMIT_LOC_STRINGS = NO;
				SWIFT_VERSION = 5.0;
				TARGETED_DEVICE_FAMILY = "1,2";
				TEST_HOST = "$(BUILT_PRODUCTS_DIR)/SportaYa.app/$(BUNDLE_EXECUTABLE_FOLDER_PATH)/SportaYa";
			};
			name = Release;
		};
		C84D04E42BDA4A9500CB01E8 /* Debug */ = {
			isa = XCBuildConfiguration;
			buildSettings = {
				ALWAYS_EMBED_SWIFT_STANDARD_LIBRARIES = YES;
				CODE_SIGN_STYLE = Automatic;
				CURRENT_PROJECT_VERSION = 1;
				DEVELOPMENT_TEAM = MWZJ3A6CNJ;
				GENERATE_INFOPLIST_FILE = YES;
				MARKETING_VERSION = 1.0;
				PRODUCT_BUNDLE_IDENTIFIER = com.ahmedfekry.SportaYaUITests;
				PRODUCT_NAME = "$(TARGET_NAME)";
				SWIFT_EMIT_LOC_STRINGS = NO;
				SWIFT_VERSION = 5.0;
				TARGETED_DEVICE_FAMILY = "1,2";
				TEST_TARGET_NAME = SportaYa;
			};
			name = Debug;
		};
		C84D04E52BDA4A9500CB01E8 /* Release */ = {
			isa = XCBuildConfiguration;
			buildSettings = {
				ALWAYS_EMBED_SWIFT_STANDARD_LIBRARIES = YES;
				CODE_SIGN_STYLE = Automatic;
				CURRENT_PROJECT_VERSION = 1;
				DEVELOPMENT_TEAM = MWZJ3A6CNJ;
				GENERATE_INFOPLIST_FILE = YES;
				MARKETING_VERSION = 1.0;
				PRODUCT_BUNDLE_IDENTIFIER = com.ahmedfekry.SportaYaUITests;
				PRODUCT_NAME = "$(TARGET_NAME)";
				SWIFT_EMIT_LOC_STRINGS = NO;
				SWIFT_VERSION = 5.0;
				TARGETED_DEVICE_FAMILY = "1,2";
				TEST_TARGET_NAME = SportaYa;
			};
			name = Release;
		};
/* End XCBuildConfiguration section */

/* Begin XCConfigurationList section */
		C84D04AB2BDA4A9100CB01E8 /* Build configuration list for PBXProject "SportaYa" */ = {
			isa = XCConfigurationList;
			buildConfigurations = (
				C84D04DB2BDA4A9500CB01E8 /* Debug */,
				C84D04DC2BDA4A9500CB01E8 /* Release */,
			);
			defaultConfigurationIsVisible = 0;
			defaultConfigurationName = Release;
		};
		C84D04DD2BDA4A9500CB01E8 /* Build configuration list for PBXNativeTarget "SportaYa" */ = {
			isa = XCConfigurationList;
			buildConfigurations = (
				C84D04DE2BDA4A9500CB01E8 /* Debug */,
				C84D04DF2BDA4A9500CB01E8 /* Release */,
			);
			defaultConfigurationIsVisible = 0;
			defaultConfigurationName = Release;
		};
		C84D04E02BDA4A9500CB01E8 /* Build configuration list for PBXNativeTarget "SportaYaTests" */ = {
			isa = XCConfigurationList;
			buildConfigurations = (
				C84D04E12BDA4A9500CB01E8 /* Debug */,
				C84D04E22BDA4A9500CB01E8 /* Release */,
			);
			defaultConfigurationIsVisible = 0;
			defaultConfigurationName = Release;
		};
		C84D04E32BDA4A9500CB01E8 /* Build configuration list for PBXNativeTarget "SportaYaUITests" */ = {
			isa = XCConfigurationList;
			buildConfigurations = (
				C84D04E42BDA4A9500CB01E8 /* Debug */,
				C84D04E52BDA4A9500CB01E8 /* Release */,
			);
			defaultConfigurationIsVisible = 0;
			defaultConfigurationName = Release;
		};
/* End XCConfigurationList section */

/* Begin XCRemoteSwiftPackageReference section */
		C86FB65B2BDC447A00880D5C /* XCRemoteSwiftPackageReference "UIScrollView-InfiniteScroll" */ = {
			isa = XCRemoteSwiftPackageReference;
			repositoryURL = "https://github.com/pronebird/UIScrollView-InfiniteScroll";
			requirement = {
				kind = upToNextMajorVersion;
				minimumVersion = 1.0.0;
			};
		};
/* End XCRemoteSwiftPackageReference section */

/* Begin XCSwiftPackageProductDependency section */
		C86FB65C2BDC447A00880D5C /* UIScrollView_InfiniteScroll */ = {
			isa = XCSwiftPackageProductDependency;
			package = C86FB65B2BDC447A00880D5C /* XCRemoteSwiftPackageReference "UIScrollView-InfiniteScroll" */;
			productName = UIScrollView_InfiniteScroll;
		};
/* End XCSwiftPackageProductDependency section */

/* Begin XCVersionGroup section */
		C84D04BC2BDA4A9100CB01E8 /* SportaYa.xcdatamodeld */ = {
			isa = XCVersionGroup;
			children = (
				C84D04BD2BDA4A9100CB01E8 /* SportaYa.xcdatamodel */,
			);
			currentVersion = C84D04BD2BDA4A9100CB01E8 /* SportaYa.xcdatamodel */;
			path = SportaYa.xcdatamodeld;
			sourceTree = "<group>";
			versionGroupType = wrapper.xcdatamodel;
		};
/* End XCVersionGroup section */
	};
	rootObject = C84D04A82BDA4A9100CB01E8 /* Project object */;
}
